
Microsoft Visual Studio Solution File, Format Version 12.00
# Visual Studio Version 17
VisualStudioVersion = 17.8.34511.84
MinimumVisualStudioVersion = 10.0.40219.1
Project("{F184B08F-C81C-45F6-A57F-5ABD9991F28F}") = "Testing_Panel", "Testing_Panel\Testing_Panel.vbproj", "{D07F1965-2B08-41D4-8497-FB7E89CC2DBF}"
EndProject
Global
	GlobalSection(SolutionConfigurationPlatforms) = preSolution
		Debug|Any CPU = Debug|Any CPU
		Release|Any CPU = Release|Any CPU
	EndGlobalSection
	GlobalSection(ProjectConfigurationPlatforms) = postSolution
		{D07F1965-2B08-41D4-8497-FB7E89CC2DBF}.Debug|Any CPU.ActiveCfg = Debug|Any CPU
		{D07F1965-2B08-41D4-8497-FB7E89CC2DBF}.Debug|Any CPU.Build.0 = Debug|Any CPU
		{D07F1965-2B08-41D4-8497-FB7E89CC2DBF}.Release|Any CPU.ActiveCfg = Release|Any CPU
		{D07F1965-2B08-41D4-8497-FB7E89CC2DBF}.Release|Any CPU.Build.0 = Release|Any CPU
	EndGlobalSection
	GlobalSection(SolutionProperties) = preSolution
		HideSolutionNode = FALSE
	EndGlobalSection
	GlobalSection(ExtensibilityGlobals) = postSolution
		SolutionGuid = {D5B6226D-DDF8-4232-A440-816533066674}
	EndGlobalSection
EndGlobal
